
Microsoft Visual Studio Solution File, Format Version 12.00
# Visual Studio Version 16
VisualStudioVersion = 16.0.31205.134
MinimumVisualStudioVersion = 10.0.40219.1
Project("{FAE04EC0-301F-11D3-BF4B-00C04F79EFBC}") = "[TABLE] 01", "..\[TABLE] 01\[TABLE] 01.csproj", "{6F8A3CA6-CBED-4DCC-8B62-423DB7579611}"
EndProject
Project("{FAE04EC0-301F-11D3-BF4B-00C04F79EFBC}") = "[TABLE] 02", "..\[TABLE] 02\[TABLE] 02.csproj", "{1353A7B7-6E10-49BB-99F8-1DA916927DFB}"
EndProject
Project("{FAE04EC0-301F-11D3-BF4B-00C04F79EFBC}") = "[OVERALL] 01", "..\[OVERALL] 01\[OVERALL] 01.csproj", "{ED6F6189-1F1B-4109-9E6E-B5DD1E30A5C0}"
EndProject
Project("{FAE04EC0-301F-11D3-BF4B-00C04F79EFBC}") = "[OVERALL] 02", "..\[OVERALL] 02\[OVERALL] 02.csproj", "{C085516A-B412-4712-B56F-35B4B93A7923}"
EndProject
Global
	GlobalSection(SolutionConfigurationPlatforms) = preSolution
		Debug|Any CPU = Debug|Any CPU
		Release|Any CPU = Release|Any CPU
	EndGlobalSection
	GlobalSection(ProjectConfigurationPlatforms) = postSolution
		{6F8A3CA6-CBED-4DCC-8B62-423DB7579611}.Debug|Any CPU.ActiveCfg = Debug|Any CPU
		{6F8A3CA6-CBED-4DCC-8B62-423DB7579611}.Debug|Any CPU.Build.0 = Debug|Any CPU
		{6F8A3CA6-CBED-4DCC-8B62-423DB7579611}.Release|Any CPU.ActiveCfg = Release|Any CPU
		{6F8A3CA6-CBED-4DCC-8B62-423DB7579611}.Release|Any CPU.Build.0 = Release|Any CPU
		{1353A7B7-6E10-49BB-99F8-1DA916927DFB}.Debug|Any CPU.ActiveCfg = Debug|Any CPU
		{1353A7B7-6E10-49BB-99F8-1DA916927DFB}.Debug|Any CPU.Build.0 = Debug|Any CPU
		{1353A7B7-6E10-49BB-99F8-1DA916927DFB}.Release|Any CPU.ActiveCfg = Release|Any CPU
		{1353A7B7-6E10-49BB-99F8-1DA916927DFB}.Release|Any CPU.Build.0 = Release|Any CPU
		{ED6F6189-1F1B-4109-9E6E-B5DD1E30A5C0}.Debug|Any CPU.ActiveCfg = Debug|Any CPU
		{ED6F6189-1F1B-4109-9E6E-B5DD1E30A5C0}.Debug|Any CPU.Build.0 = Debug|Any CPU
		{ED6F6189-1F1B-4109-9E6E-B5DD1E30A5C0}.Release|Any CPU.ActiveCfg = Release|Any CPU
		{ED6F6189-1F1B-4109-9E6E-B5DD1E30A5C0}.Release|Any CPU.Build.0 = Release|Any CPU
		{C085516A-B412-4712-B56F-35B4B93A7923}.Debug|Any CPU.ActiveCfg = Debug|Any CPU
		{C085516A-B412-4712-B56F-35B4B93A7923}.Debug|Any CPU.Build.0 = Debug|Any CPU
		{C085516A-B412-4712-B56F-35B4B93A7923}.Release|Any CPU.ActiveCfg = Release|Any CPU
		{C085516A-B412-4712-B56F-35B4B93A7923}.Release|Any CPU.Build.0 = Release|Any CPU
	EndGlobalSection
	GlobalSection(SolutionProperties) = preSolution
		HideSolutionNode = FALSE
	EndGlobalSection
	GlobalSection(ExtensibilityGlobals) = postSolution
		SolutionGuid = {71131209-1042-4773-92E0-84D5B6B39A74}
	EndGlobalSection
EndGlobal
